
Microsoft Visual Studio Solution File, Format Version 12.00
# Visual Studio 15
VisualStudioVersion = 15.0.27703.2018
MinimumVisualStudioVersion = 10.0.40219.1
Project("{FAE04EC0-301F-11D3-BF4B-00C04F79EFBC}") = "DataAccessLayer", "DAL\DataAccessLayer.csproj", "{862CBEB4-0B91-40D5-B7C3-3C44F2E556D9}"
EndProject
Project("{FAE04EC0-301F-11D3-BF4B-00C04F79EFBC}") = "BusinessLayer", "Business\BusinessLayer.csproj", "{7C428D35-6ED5-4732-A893-4B94355724EA}"
EndProject
Project("{FAE04EC0-301F-11D3-BF4B-00C04F79EFBC}") = "Helper", "Helper\Helper.csproj", "{914B1911-3C3B-484D-9B11-925AD9E0CA80}"
EndProject
Project("{FAE04EC0-301F-11D3-BF4B-00C04F79EFBC}") = "Common", "Common\Common.csproj", "{5E7C70B7-7C39-4E09-9140-28A8463727D7}"
EndProject
Project("{FAE04EC0-301F-11D3-BF4B-00C04F79EFBC}") = "InventoryAPI", "InventoryAPI\InventoryAPI.csproj", "{84595B67-8876-4627-A0F4-2536AE933BD9}"
EndProject
Project("{FAE04EC0-301F-11D3-BF4B-00C04F79EFBC}") = "InventoryDesktop", "InventoryDesktop\InventoryDesktop.csproj", "{BBE008EC-6ECA-4543-82C7-D91B84F5668E}"
EndProject
Project("{2150E333-8FDC-42A3-9474-1A3956D46DE8}") = "Service", "Service", "{C27FAE26-31BA-498B-B7ED-CF04191814F3}"
EndProject
Project("{2150E333-8FDC-42A3-9474-1A3956D46DE8}") = "Desktop", "Desktop", "{C0773450-9765-4257-B148-F6A7CA51E902}"
EndProject
Project("{FAE04EC0-301F-11D3-BF4B-00C04F79EFBC}") = "DestopCommon", "DestopCommon\DestopCommon.csproj", "{6CE795F2-0837-43D4-A8A5-D809DC1DF7C4}"
EndProject
Global
	GlobalSection(SolutionConfigurationPlatforms) = preSolution
		Debug|Any CPU = Debug|Any CPU
		Release|Any CPU = Release|Any CPU
	EndGlobalSection
	GlobalSection(ProjectConfigurationPlatforms) = postSolution
		{862CBEB4-0B91-40D5-B7C3-3C44F2E556D9}.Debug|Any CPU.ActiveCfg = Debug|Any CPU
		{862CBEB4-0B91-40D5-B7C3-3C44F2E556D9}.Debug|Any CPU.Build.0 = Debug|Any CPU
		{862CBEB4-0B91-40D5-B7C3-3C44F2E556D9}.Release|Any CPU.ActiveCfg = Release|Any CPU
		{862CBEB4-0B91-40D5-B7C3-3C44F2E556D9}.Release|Any CPU.Build.0 = Release|Any CPU
		{7C428D35-6ED5-4732-A893-4B94355724EA}.Debug|Any CPU.ActiveCfg = Debug|Any CPU
		{7C428D35-6ED5-4732-A893-4B94355724EA}.Debug|Any CPU.Build.0 = Debug|Any CPU
		{7C428D35-6ED5-4732-A893-4B94355724EA}.Release|Any CPU.ActiveCfg = Release|Any CPU
		{7C428D35-6ED5-4732-A893-4B94355724EA}.Release|Any CPU.Build.0 = Release|Any CPU
		{914B1911-3C3B-484D-9B11-925AD9E0CA80}.Debug|Any CPU.ActiveCfg = Debug|Any CPU
		{914B1911-3C3B-484D-9B11-925AD9E0CA80}.Debug|Any CPU.Build.0 = Debug|Any CPU
		{914B1911-3C3B-484D-9B11-925AD9E0CA80}.Release|Any CPU.ActiveCfg = Release|Any CPU
		{914B1911-3C3B-484D-9B11-925AD9E0CA80}.Release|Any CPU.Build.0 = Release|Any CPU
		{5E7C70B7-7C39-4E09-9140-28A8463727D7}.Debug|Any CPU.ActiveCfg = Debug|Any CPU
		{5E7C70B7-7C39-4E09-9140-28A8463727D7}.Debug|Any CPU.Build.0 = Debug|Any CPU
		{5E7C70B7-7C39-4E09-9140-28A8463727D7}.Release|Any CPU.ActiveCfg = Release|Any CPU
		{5E7C70B7-7C39-4E09-9140-28A8463727D7}.Release|Any CPU.Build.0 = Release|Any CPU
		{84595B67-8876-4627-A0F4-2536AE933BD9}.Debug|Any CPU.ActiveCfg = Debug|Any CPU
		{84595B67-8876-4627-A0F4-2536AE933BD9}.Debug|Any CPU.Build.0 = Debug|Any CPU
		{84595B67-8876-4627-A0F4-2536AE933BD9}.Release|Any CPU.ActiveCfg = Release|Any CPU
		{84595B67-8876-4627-A0F4-2536AE933BD9}.Release|Any CPU.Build.0 = Release|Any CPU
		{BBE008EC-6ECA-4543-82C7-D91B84F5668E}.Debug|Any CPU.ActiveCfg = Debug|Any CPU
		{BBE008EC-6ECA-4543-82C7-D91B84F5668E}.Debug|Any CPU.Build.0 = Debug|Any CPU
		{BBE008EC-6ECA-4543-82C7-D91B84F5668E}.Release|Any CPU.ActiveCfg = Release|Any CPU
		{BBE008EC-6ECA-4543-82C7-D91B84F5668E}.Release|Any CPU.Build.0 = Release|Any CPU
		{6CE795F2-0837-43D4-A8A5-D809DC1DF7C4}.Debug|Any CPU.ActiveCfg = Debug|Any CPU
		{6CE795F2-0837-43D4-A8A5-D809DC1DF7C4}.Debug|Any CPU.Build.0 = Debug|Any CPU
		{6CE795F2-0837-43D4-A8A5-D809DC1DF7C4}.Release|Any CPU.ActiveCfg = Release|Any CPU
		{6CE795F2-0837-43D4-A8A5-D809DC1DF7C4}.Release|Any CPU.Build.0 = Release|Any CPU
	EndGlobalSection
	GlobalSection(SolutionProperties) = preSolution
		HideSolutionNode = FALSE
	EndGlobalSection
	GlobalSection(NestedProjects) = preSolution
		{862CBEB4-0B91-40D5-B7C3-3C44F2E556D9} = {C27FAE26-31BA-498B-B7ED-CF04191814F3}
		{7C428D35-6ED5-4732-A893-4B94355724EA} = {C27FAE26-31BA-498B-B7ED-CF04191814F3}
		{914B1911-3C3B-484D-9B11-925AD9E0CA80} = {C27FAE26-31BA-498B-B7ED-CF04191814F3}
		{5E7C70B7-7C39-4E09-9140-28A8463727D7} = {C27FAE26-31BA-498B-B7ED-CF04191814F3}
		{84595B67-8876-4627-A0F4-2536AE933BD9} = {C27FAE26-31BA-498B-B7ED-CF04191814F3}
		{BBE008EC-6ECA-4543-82C7-D91B84F5668E} = {C0773450-9765-4257-B148-F6A7CA51E902}
		{6CE795F2-0837-43D4-A8A5-D809DC1DF7C4} = {C0773450-9765-4257-B148-F6A7CA51E902}
	EndGlobalSection
	GlobalSection(ExtensibilityGlobals) = postSolution
		SolutionGuid = {08E94097-EA43-4C2D-9513-32D63D256DFE}
	EndGlobalSection
EndGlobal
